
Microsoft Visual Studio Solution File, Format Version 12.00
# Visual Studio Version 17
VisualStudioVersion = 17.14.36518.9
MinimumVisualStudioVersion = 10.0.40219.1
Project("{FAE04EC0-301F-11D3-BF4B-00C04F79EFBC}") = "HastaTakip.UI", "..\HastaTakip.UI\HastaTakip.UI\HastaTakip.UI.csproj", "{5B22BC8C-08BA-E208-7FA9-76B2A2BBC17A}"
EndProject
Project("{FAE04EC0-301F-11D3-BF4B-00C04F79EFBC}") = "HastaTakip.api", "..\HastaTakip.api\HastaTakip.api\HastaTakip.api.csproj", "{208F858E-69FA-190A-5927-18C92AEF3DC0}"
EndProject
Global
	GlobalSection(SolutionConfigurationPlatforms) = preSolution
		Debug|Any CPU = Debug|Any CPU
		Release|Any CPU = Release|Any CPU
	EndGlobalSection
	GlobalSection(ProjectConfigurationPlatforms) = postSolution
		{5B22BC8C-08BA-E208-7FA9-76B2A2BBC17A}.Debug|Any CPU.ActiveCfg = Debug|Any CPU
		{5B22BC8C-08BA-E208-7FA9-76B2A2BBC17A}.Debug|Any CPU.Build.0 = Debug|Any CPU
		{5B22BC8C-08BA-E208-7FA9-76B2A2BBC17A}.Release|Any CPU.ActiveCfg = Release|Any CPU
		{5B22BC8C-08BA-E208-7FA9-76B2A2BBC17A}.Release|Any CPU.Build.0 = Release|Any CPU
		{208F858E-69FA-190A-5927-18C92AEF3DC0}.Debug|Any CPU.ActiveCfg = Debug|Any CPU
		{208F858E-69FA-190A-5927-18C92AEF3DC0}.Debug|Any CPU.Build.0 = Debug|Any CPU
		{208F858E-69FA-190A-5927-18C92AEF3DC0}.Release|Any CPU.ActiveCfg = Release|Any CPU
		{208F858E-69FA-190A-5927-18C92AEF3DC0}.Release|Any CPU.Build.0 = Release|Any CPU
	EndGlobalSection
	GlobalSection(SolutionProperties) = preSolution
		HideSolutionNode = FALSE
	EndGlobalSection
	GlobalSection(ExtensibilityGlobals) = postSolution
		SolutionGuid = {D75E599D-723B-4A94-833C-11D1B41ABA02}
	EndGlobalSection
EndGlobal
